Microsoft Visual Studio Solution File, Format Version 12.00
# Visual Studio Version 17
VisualStudioVersion = 17.5.2.0
MinimumVisualStudioVersion = 10.0.40219.1
Project("{FAE04EC0-301F-11D3-BF4B-00C04F79EFBC}") = "CombatMechanix", "CombatMechanix.csproj", "{4D6D8AC0-3C63-A188-CB33-CFEB16067FF4}"
EndProject
Global
	GlobalSection(SolutionConfigurationPlatforms) = preSolution
		Debug|Any CPU = Debug|Any CPU
		Release|Any CPU = Release|Any CPU
	EndGlobalSection
	GlobalSection(ProjectConfigurationPlatforms) = postSolution
		{4D6D8AC0-3C63-A188-CB33-CFEB16067FF4}.Debug|Any CPU.ActiveCfg = Debug|Any CPU
		{4D6D8AC0-3C63-A188-CB33-CFEB16067FF4}.Debug|Any CPU.Build.0 = Debug|Any CPU
		{4D6D8AC0-3C63-A188-CB33-CFEB16067FF4}.Release|Any CPU.ActiveCfg = Release|Any CPU
		{4D6D8AC0-3C63-A188-CB33-CFEB16067FF4}.Release|Any CPU.Build.0 = Release|Any CPU
	EndGlobalSection
	GlobalSection(SolutionProperties) = preSolution
		HideSolutionNode = FALSE
	EndGlobalSection
	GlobalSection(ExtensibilityGlobals) = postSolution
		SolutionGuid = {56774CD4-E134-4343-8C1E-8879BBA85C61}
	EndGlobalSection
EndGlobal
